// !$*UTF8*$!
{
	archiveVersion = 1;
	classes = {
	};
	objectVersion = 55;
	objects = {

/* Begin PBXBuildFile section */
		274D522F273E8B76004A7259 /* AppDelegate.swift in Sources */ = {isa = PBXBuildFile; fileRef = 274D522E273E8B76004A7259 /* AppDelegate.swift */; };
		274D5231273E8B76004A7259 /* SceneDelegate.swift in Sources */ = {isa = PBXBuildFile; fileRef = 274D5230273E8B76004A7259 /* SceneDelegate.swift */; };
		274D5233273E8B76004A7259 /* LoginViewController.swift in Sources */ = {isa = PBXBuildFile; fileRef = 274D5232273E8B76004A7259 /* LoginViewController.swift */; };
		274D5236273E8B76004A7259 /* InisialTabBar.storyboard in Resources */ = {isa = PBXBuildFile; fileRef = 274D5234273E8B76004A7259 /* InisialTabBar.storyboard */; };
		274D5238273E8B78004A7259 /* Assets.xcassets in Resources */ = {isa = PBXBuildFile; fileRef = 274D5237273E8B78004A7259 /* Assets.xcassets */; };
		274D523B273E8B78004A7259 /* LaunchScreen.storyboard in Resources */ = {isa = PBXBuildFile; fileRef = 274D5239273E8B78004A7259 /* LaunchScreen.storyboard */; };
		274D5246273EE068004A7259 /* Start.storyboard in Resources */ = {isa = PBXBuildFile; fileRef = 274D5245273EE068004A7259 /* Start.storyboard */; };
		27B2C98C27453EF300D4F1BA /* AddNewOperacionViewController.swift in Sources */ = {isa = PBXBuildFile; fileRef = 27B2C98B27453EF300D4F1BA /* AddNewOperacionViewController.swift */; };
		27B2C98E2745410700D4F1BA /* AddNewOperacion.storyboard in Resources */ = {isa = PBXBuildFile; fileRef = 27B2C98D2745410700D4F1BA /* AddNewOperacion.storyboard */; };
		971615FC2741797D00B171E0 /* Person.swift in Sources */ = {isa = PBXBuildFile; fileRef = 971615FB2741797D00B171E0 /* Person.swift */; };
		971615FE27417BDD00B171E0 /* DataManager.swift in Sources */ = {isa = PBXBuildFile; fileRef = 971615FD27417BDD00B171E0 /* DataManager.swift */; };
		971616002741807200B171E0 /* AccountExistingTableViewController.swift in Sources */ = {isa = PBXBuildFile; fileRef = 971615FF2741807200B171E0 /* AccountExistingTableViewController.swift */; };
		9716160327418BC600B171E0 /* AccountScreen.storyboard.storyboard in Resources */ = {isa = PBXBuildFile; fileRef = 9716160127418BC600B171E0 /* AccountScreen.storyboard.storyboard */; };
		9716160527419B5900B171E0 /* AddAccountTableViewController.swift in Sources */ = {isa = PBXBuildFile; fileRef = 9716160427419B5900B171E0 /* AddAccountTableViewController.swift */; };
		971616072741A10300B171E0 /* CurrentlyAccountTableViewController.swift in Sources */ = {isa = PBXBuildFile; fileRef = 971616062741A10300B171E0 /* CurrentlyAccountTableViewController.swift */; };
		973B529927442F4A0068F963 /* StartTabBarController.swift in Sources */ = {isa = PBXBuildFile; fileRef = 973B529827442F4A0068F963 /* StartTabBarController.swift */; };
		973B529B274435B30068F963 /* AllAccountTransactionTableViewController.swift in Sources */ = {isa = PBXBuildFile; fileRef = 973B529A274435B30068F963 /* AllAccountTransactionTableViewController.swift */; };
		973B529E2744F5A80068F963 /* AllTransaction.storyboard.storyboard in Resources */ = {isa = PBXBuildFile; fileRef = 973B529C2744F5A70068F963 /* AllTransaction.storyboard.storyboard */; };
		974AE9E3274A539B003A661A /* CategoriesTableViewController.swift in Sources */ = {isa = PBXBuildFile; fileRef = 974AE9E2274A539B003A661A /* CategoriesTableViewController.swift */; };
		974AE9E5274A53FC003A661A /* MoreTableViewController.swift in Sources */ = {isa = PBXBuildFile; fileRef = 974AE9E4274A53FC003A661A /* MoreTableViewController.swift */; };
		974AE9E7274AE6F6003A661A /* ChosenAccountTypeFromAddTableViewController.swift in Sources */ = {isa = PBXBuildFile; fileRef = 974AE9E6274AE6F6003A661A /* ChosenAccountTypeFromAddTableViewController.swift */; };
		974AE9E9274AEDCF003A661A /* ChosenAccountFromTableViewController.swift in Sources */ = {isa = PBXBuildFile; fileRef = 974AE9E8274AEDCF003A661A /* ChosenAccountFromTableViewController.swift */; };
		97717B7E27455A4E009674F9 /* TransactionsTableViewCell.swift in Sources */ = {isa = PBXBuildFile; fileRef = 97717B7D27455A4D009674F9 /* TransactionsTableViewCell.swift */; };
		97EB33C6274947AC00AD27C1 /* ChosenAccountTypeTableViewController.swift in Sources */ = {isa = PBXBuildFile; fileRef = 97EB33C5274947AC00AD27C1 /* ChosenAccountTypeTableViewController.swift */; };
/* End PBXBuildFile section */

/* Begin PBXFileReference section */
		274D522B273E8B76004A7259 /* HW_2.8.app */ = {isa = PBXFileReference; explicitFileType = wrapper.application; includeInIndex = 0; path = HW_2.8.app; sourceTree = BUILT_PRODUCTS_DIR; };
		274D522E273E8B76004A7259 /* AppDelegate.swift */ = {isa = PBXFileReference; lastKnownFileType = sourcecode.swift; path = AppDelegate.swift; sourceTree = "<group>"; };
		274D5230273E8B76004A7259 /* SceneDelegate.swift */ = {isa = PBXFileReference; lastKnownFileType = sourcecode.swift; path = SceneDelegate.swift; sourceTree = "<group>"; };
		274D5232273E8B76004A7259 /* LoginViewController.swift */ = {isa = PBXFileReference; lastKnownFileType = sourcecode.swift; path = LoginViewController.swift; sourceTree = "<group>"; };
		274D5235273E8B76004A7259 /* Base */ = {isa = PBXFileReference; lastKnownFileType = file.storyboard; name = Base; path = Base.lproj/InisialTabBar.storyboard; sourceTree = "<group>"; };
		274D5237273E8B78004A7259 /* Assets.xcassets */ = {isa = PBXFileReference; lastKnownFileType = folder.assetcatalog; path = Assets.xcassets; sourceTree = "<group>"; };
		274D523A273E8B78004A7259 /* Base */ = {isa = PBXFileReference; lastKnownFileType = file.storyboard; name = Base; path = Base.lproj/LaunchScreen.storyboard; sourceTree = "<group>"; };
		274D523C273E8B78004A7259 /* Info.plist */ = {isa = PBXFileReference; lastKnownFileType = text.plist.xml; path = Info.plist; sourceTree = "<group>"; };
		274D5245273EE068004A7259 /* Start.storyboard */ = {isa = PBXFileReference; lastKnownFileType = file.storyboard; path = Start.storyboard; sourceTree = "<group>"; };
		27B2C98B27453EF300D4F1BA /* AddNewOperacionViewController.swift */ = {isa = PBXFileReference; lastKnownFileType = sourcecode.swift; path = AddNewOperacionViewController.swift; sourceTree = "<group>"; };
		27B2C98D2745410700D4F1BA /* AddNewOperacion.storyboard */ = {isa = PBXFileReference; lastKnownFileType = file.storyboard; path = AddNewOperacion.storyboard; sourceTree = "<group>"; };
		971615FB2741797D00B171E0 /* Person.swift */ = {isa = PBXFileReference; lastKnownFileType = sourcecode.swift; path = Person.swift; sourceTree = "<group>"; };
		971615FD27417BDD00B171E0 /* DataManager.swift */ = {isa = PBXFileReference; lastKnownFileType = sourcecode.swift; path = DataManager.swift; sourceTree = "<group>"; };
		971615FF2741807200B171E0 /* AccountExistingTableViewController.swift */ = {isa = PBXFileReference; lastKnownFileType = sourcecode.swift; path = AccountExistingTableViewController.swift; sourceTree = "<group>"; };
		9716160227418BC600B171E0 /* Base */ = {isa = PBXFileReference; lastKnownFileType = file.storyboard; name = Base; path = HW_2.8/Storyboards/Base.lproj/AccountScreen.storyboard.storyboard; sourceTree = "<group>"; };
		9716160427419B5900B171E0 /* AddAccountTableViewController.swift */ = {isa = PBXFileReference; lastKnownFileType = sourcecode.swift; path = AddAccountTableViewController.swift; sourceTree = "<group>"; };
		971616062741A10300B171E0 /* CurrentlyAccountTableViewController.swift */ = {isa = PBXFileReference; lastKnownFileType = sourcecode.swift; path = CurrentlyAccountTableViewController.swift; sourceTree = "<group>"; };
		973B529827442F4A0068F963 /* StartTabBarController.swift */ = {isa = PBXFileReference; lastKnownFileType = sourcecode.swift; path = StartTabBarController.swift; sourceTree = "<group>"; };
		973B529A274435B30068F963 /* AllAccountTransactionTableViewController.swift */ = {isa = PBXFileReference; fileEncoding = 4; lastKnownFileType = sourcecode.swift; path = AllAccountTransactionTableViewController.swift; sourceTree = "<group>"; };
		973B529D2744F5A70068F963 /* Base */ = {isa = PBXFileReference; lastKnownFileType = file.storyboard; name = Base; path = HW_2.8/Storyboards/Base.lproj/AllTransaction.storyboard.storyboard; sourceTree = "<group>"; };
		974AE9E2274A539B003A661A /* CategoriesTableViewController.swift */ = {isa = PBXFileReference; lastKnownFileType = sourcecode.swift; path = CategoriesTableViewController.swift; sourceTree = "<group>"; };
		974AE9E4274A53FC003A661A /* MoreTableViewController.swift */ = {isa = PBXFileReference; lastKnownFileType = sourcecode.swift; path = MoreTableViewController.swift; sourceTree = "<group>"; };
		974AE9E6274AE6F6003A661A /* ChosenAccountTypeFromAddTableViewController.swift */ = {isa = PBXFileReference; lastKnownFileType = sourcecode.swift; path = ChosenAccountTypeFromAddTableViewController.swift; sourceTree = "<group>"; };
		974AE9E8274AEDCF003A661A /* ChosenAccountFromTableViewController.swift */ = {isa = PBXFileReference; lastKnownFileType = sourcecode.swift; path = ChosenAccountFromTableViewController.swift; sourceTree = "<group>"; };
		97717B7D27455A4D009674F9 /* TransactionsTableViewCell.swift */ = {isa = PBXFileReference; lastKnownFileType = sourcecode.swift; path = TransactionsTableViewCell.swift; sourceTree = "<group>"; };
		97EB33C5274947AC00AD27C1 /* ChosenAccountTypeTableViewController.swift */ = {isa = PBXFileReference; lastKnownFileType = sourcecode.swift; path = ChosenAccountTypeTableViewController.swift; sourceTree = "<group>"; };
/* End PBXFileReference section */

/* Begin PBXFrameworksBuildPhase section */
		274D5228273E8B76004A7259 /* Frameworks */ = {
			isa = PBXFrameworksBuildPhase;
			buildActionMask = 2147483647;
			files = (
			);
			runOnlyForDeploymentPostprocessing = 0;
		};
/* End PBXFrameworksBuildPhase section */

/* Begin PBXGroup section */
		274D5222273E8B76004A7259 = {
			isa = PBXGroup;
			children = (
				274D522D273E8B76004A7259 /* HW_2.8 */,
				274D522C273E8B76004A7259 /* Products */,
			);
			sourceTree = "<group>";
		};
		274D522C273E8B76004A7259 /* Products */ = {
			isa = PBXGroup;
			children = (
				274D522B273E8B76004A7259 /* HW_2.8.app */,
			);
			name = Products;
			sourceTree = "<group>";
		};
		274D522D273E8B76004A7259 /* HW_2.8 */ = {
			isa = PBXGroup;
			children = (
				971615F7274175BA00B171E0 /* App */,
				971615F62741759D00B171E0 /* Resourses */,
				274D5243273E93D5004A7259 /* ViewControllers */,
				274D5242273E8D8C004A7259 /* Storyboards */,
				971615F52741757F00B171E0 /* Servises */,
				971615FA2741796B00B171E0 /* Model */,
			);
			path = HW_2.8;
			sourceTree = "<group>";
		};
		274D5242273E8D8C004A7259 /* Storyboards */ = {
			isa = PBXGroup;
			children = (
				274D5239273E8B78004A7259 /* LaunchScreen.storyboard */,
				274D5245273EE068004A7259 /* Start.storyboard */,
				274D5234273E8B76004A7259 /* InisialTabBar.storyboard */,
				9716160127418BC600B171E0 /* AccountScreen.storyboard.storyboard */,
				27B2C98D2745410700D4F1BA /* AddNewOperacion.storyboard */,
				973B529C2744F5A70068F963 /* AllTransaction.storyboard.storyboard */,
			);
			path = Storyboards;
			sourceTree = "<group>";
		};
		274D5243273E93D5004A7259 /* ViewControllers */ = {
			isa = PBXGroup;
			children = (
				274D5232273E8B76004A7259 /* LoginViewController.swift */,
				973B529827442F4A0068F963 /* StartTabBarController.swift */,
				971615FF2741807200B171E0 /* AccountExistingTableViewController.swift */,
				9716160427419B5900B171E0 /* AddAccountTableViewController.swift */,
				97EB33C5274947AC00AD27C1 /* ChosenAccountTypeTableViewController.swift */,
				971616062741A10300B171E0 /* CurrentlyAccountTableViewController.swift */,
				97717B7D27455A4D009674F9 /* TransactionsTableViewCell.swift */,
				973B529A274435B30068F963 /* AllAccountTransactionTableViewController.swift */,
				27B2C98B27453EF300D4F1BA /* AddNewOperacionViewController.swift */,
				974AE9E6274AE6F6003A661A /* ChosenAccountTypeFromAddTableViewController.swift */,
				974AE9E8274AEDCF003A661A /* ChosenAccountFromTableViewController.swift */,
				974AE9E4274A53FC003A661A /* MoreTableViewController.swift */,
				974AE9E2274A539B003A661A /* CategoriesTableViewController.swift */,
			);
			path = ViewControllers;
			sourceTree = "<group>";
		};
		971615F52741757F00B171E0 /* Servises */ = {
			isa = PBXGroup;
			children = (
				971615FD27417BDD00B171E0 /* DataManager.swift */,
			);
			path = Servises;
			sourceTree = "<group>";
		};
		971615F62741759D00B171E0 /* Resourses */ = {
			isa = PBXGroup;
			children = (
				274D5237273E8B78004A7259 /* Assets.xcassets */,
				274D523C273E8B78004A7259 /* Info.plist */,
			);
			path = Resourses;
			sourceTree = "<group>";
		};
		971615F7274175BA00B171E0 /* App */ = {
			isa = PBXGroup;
			children = (
				274D5230273E8B76004A7259 /* SceneDelegate.swift */,
				274D522E273E8B76004A7259 /* AppDelegate.swift */,
			);
			path = App;
			sourceTree = "<group>";
		};
		971615FA2741796B00B171E0 /* Model */ = {
			isa = PBXGroup;
			children = (
				971615FB2741797D00B171E0 /* Person.swift */,
			);
			path = Model;
			sourceTree = "<group>";
		};
/* End PBXGroup section */

/* Begin PBXNativeTarget section */
		274D522A273E8B76004A7259 /* HW_2.8 */ = {
			isa = PBXNativeTarget;
			buildConfigurationList = 274D523F273E8B78004A7259 /* Build configuration list for PBXNativeTarget "HW_2.8" */;
			buildPhases = (
				274D5227273E8B76004A7259 /* Sources */,
				274D5228273E8B76004A7259 /* Frameworks */,
				274D5229273E8B76004A7259 /* Resources */,
			);
			buildRules = (
			);
			dependencies = (
			);
			name = HW_2.8;
			productName = HW_2.8;
			productReference = 274D522B273E8B76004A7259 /* HW_2.8.app */;
			productType = "com.apple.product-type.application";
		};
/* End PBXNativeTarget section */

/* Begin PBXProject section */
		274D5223273E8B76004A7259 /* Project object */ = {
			isa = PBXProject;
			attributes = {
				BuildIndependentTargetsInParallel = 1;
				LastSwiftUpdateCheck = 1310;
				LastUpgradeCheck = 1310;
				TargetAttributes = {
					274D522A273E8B76004A7259 = {
						CreatedOnToolsVersion = 13.1;
					};
				};
			};
			buildConfigurationList = 274D5226273E8B76004A7259 /* Build configuration list for PBXProject "HW_2.8" */;
			compatibilityVersion = "Xcode 13.0";
			developmentRegion = en;
			hasScannedForEncodings = 0;
			knownRegions = (
				en,
				Base,
			);
			mainGroup = 274D5222273E8B76004A7259;
			productRefGroup = 274D522C273E8B76004A7259 /* Products */;
			projectDirPath = "";
			projectRoot = "";
			targets = (
				274D522A273E8B76004A7259 /* HW_2.8 */,
			);
		};
/* End PBXProject section */

/* Begin PBXResourcesBuildPhase section */
		274D5229273E8B76004A7259 /* Resources */ = {
			isa = PBXResourcesBuildPhase;
			buildActionMask = 2147483647;
			files = (
				27B2C98E2745410700D4F1BA /* AddNewOperacion.storyboard in Resources */,
				274D523B273E8B78004A7259 /* LaunchScreen.storyboard in Resources */,
				9716160327418BC600B171E0 /* AccountScreen.storyboard.storyboard in Resources */,
				274D5238273E8B78004A7259 /* Assets.xcassets in Resources */,
				274D5236273E8B76004A7259 /* InisialTabBar.storyboard in Resources */,
				274D5246273EE068004A7259 /* Start.storyboard in Resources */,
				973B529E2744F5A80068F963 /* AllTransaction.storyboard.storyboard in Resources */,
			);
			runOnlyForDeploymentPostprocessing = 0;
		};
/* End PBXResourcesBuildPhase section */

/* Begin PBXSourcesBuildPhase section */
		274D5227273E8B76004A7259 /* Sources */ = {
			isa = PBXSourcesBuildPhase;
			buildActionMask = 2147483647;
			files = (
				97EB33C6274947AC00AD27C1 /* ChosenAccountTypeTableViewController.swift in Sources */,
				971616072741A10300B171E0 /* CurrentlyAccountTableViewController.swift in Sources */,
				274D5233273E8B76004A7259 /* LoginViewController.swift in Sources */,
				973B529927442F4A0068F963 /* StartTabBarController.swift in Sources */,
				974AE9E5274A53FC003A661A /* MoreTableViewController.swift in Sources */,
				971615FE27417BDD00B171E0 /* DataManager.swift in Sources */,
				9716160527419B5900B171E0 /* AddAccountTableViewController.swift in Sources */,
				274D522F273E8B76004A7259 /* AppDelegate.swift in Sources */,
				97717B7E27455A4E009674F9 /* TransactionsTableViewCell.swift in Sources */,
				971615FC2741797D00B171E0 /* Person.swift in Sources */,
				974AE9E9274AEDCF003A661A /* ChosenAccountFromTableViewController.swift in Sources */,
				971616002741807200B171E0 /* AccountExistingTableViewController.swift in Sources */,
				973B529B274435B30068F963 /* AllAccountTransactionTableViewController.swift in Sources */,
				27B2C98C27453EF300D4F1BA /* AddNewOperacionViewController.swift in Sources */,
				274D5231273E8B76004A7259 /* SceneDelegate.swift in Sources */,
				974AE9E3274A539B003A661A /* CategoriesTableViewController.swift in Sources */,
				974AE9E7274AE6F6003A661A /* ChosenAccountTypeFromAddTableViewController.swift in Sources */,
			);
			runOnlyForDeploymentPostprocessing = 0;
		};
/* End PBXSourcesBuildPhase section */

/* Begin PBXVariantGroup section */
		274D5234273E8B76004A7259 /* InisialTabBar.storyboard */ = {
			isa = PBXVariantGroup;
			children = (
				274D5235273E8B76004A7259 /* Base */,
			);
			name = InisialTabBar.storyboard;
			sourceTree = "<group>";
		};
		274D5239273E8B78004A7259 /* LaunchScreen.storyboard */ = {
			isa = PBXVariantGroup;
			children = (
				274D523A273E8B78004A7259 /* Base */,
			);
			name = LaunchScreen.storyboard;
			sourceTree = "<group>";
		};
		9716160127418BC600B171E0 /* AccountScreen.storyboard.storyboard */ = {
			isa = PBXVariantGroup;
			children = (
				9716160227418BC600B171E0 /* Base */,
			);
			name = AccountScreen.storyboard.storyboard;
			sourceTree = "<group>";
		};
		973B529C2744F5A70068F963 /* AllTransaction.storyboard.storyboard */ = {
			isa = PBXVariantGroup;
			children = (
				973B529D2744F5A70068F963 /* Base */,
			);
			name = AllTransaction.storyboard.storyboard;
			sourceTree = "<group>";
		};
/* End PBXVariantGroup section */

/* Begin XCBuildConfiguration section */
		274D523D273E8B78004A7259 /* Debug */ = {
			isa = XCBuildConfiguration;
			buildSettings = {
				ALWAYS_SEARCH_USER_PATHS = NO;
				CLANG_ANALYZER_NONNULL = YES;
				CLANG_ANALYZER_NUMBER_OBJECT_CONVERSION = YES_AGGRESSIVE;
				CLANG_CXX_LANGUAGE_STANDARD = "gnu++17";
				CLANG_CXX_LIBRARY = "libc++";
				CLANG_ENABLE_MODULES = YES;
				CLANG_ENABLE_OBJC_ARC = YES;
				CLANG_ENABLE_OBJC_WEAK = YES;
				CLANG_WARN_BLOCK_CAPTURE_AUTORELEASING = YES;
				CLANG_WARN_BOOL_CONVERSION = YES;
				CLANG_WARN_COMMA = YES;
				CLANG_WARN_CONSTANT_CONVERSION = YES;
				CLANG_WARN_DEPRECATED_OBJC_IMPLEMENTATIONS = YES;
				CLANG_WARN_DIRECT_OBJC_ISA_USAGE = YES_ERROR;
				CLANG_WARN_DOCUMENTATION_COMMENTS = YES;
				CLANG_WARN_EMPTY_BODY = YES;
				CLANG_WARN_ENUM_CONVERSION = YES;
				CLANG_WARN_INFINITE_RECURSION = YES;
				CLANG_WARN_INT_CONVERSION = YES;
				CLANG_WARN_NON_LITERAL_NULL_CONVERSION = YES;
				CLANG_WARN_OBJC_IMPLICIT_RETAIN_SELF = YES;
				CLANG_WARN_OBJC_LITERAL_CONVERSION = YES;
				CLANG_WARN_OBJC_ROOT_CLASS = YES_ERROR;
				CLANG_WARN_QUOTED_INCLUDE_IN_FRAMEWORK_HEADER = YES;
				CLANG_WARN_RANGE_LOOP_ANALYSIS = YES;
				CLANG_WARN_STRICT_PROTOTYPES = YES;
				CLANG_WARN_SUSPICIOUS_MOVE = YES;
				CLANG_WARN_UNGUARDED_AVAILABILITY = YES_AGGRESSIVE;
				CLANG_WARN_UNREACHABLE_CODE = YES;
				CLANG_WARN__DUPLICATE_METHOD_MATCH = YES;
				COPY_PHASE_STRIP = NO;
				DEBUG_INFORMATION_FORMAT = dwarf;
				ENABLE_STRICT_OBJC_MSGSEND = YES;
				ENABLE_TESTABILITY = YES;
				GCC_C_LANGUAGE_STANDARD = gnu11;
				GCC_DYNAMIC_NO_PIC = NO;
				GCC_NO_COMMON_BLOCKS = YES;
				GCC_OPTIMIZATION_LEVEL = 0;
				GCC_PREPROCESSOR_DEFINITIONS = (
					"DEBUG=1",
					"$(inherited)",
				);
				GCC_WARN_64_TO_32_BIT_CONVERSION = YES;
				GCC_WARN_ABOUT_RETURN_TYPE = YES_ERROR;
				GCC_WARN_UNDECLARED_SELECTOR = YES;
				GCC_WARN_UNINITIALIZED_AUTOS = YES_AGGRESSIVE;
				GCC_WARN_UNUSED_FUNCTION = YES;
				GCC_WARN_UNUSED_VARIABLE = YES;
				IPHONEOS_DEPLOYMENT_TARGET = 15.0;
				MTL_ENABLE_DEBUG_INFO = INCLUDE_SOURCE;
				MTL_FAST_MATH = YES;
				ONLY_ACTIVE_ARCH = YES;
				SDKROOT = iphoneos;
				SWIFT_ACTIVE_COMPILATION_CONDITIONS = DEBUG;
				SWIFT_OPTIMIZATION_LEVEL = "-Onone";
			};
			name = Debug;
		};
		274D523E273E8B78004A7259 /* Release */ = {
			isa = XCBuildConfiguration;
			buildSettings = {
				ALWAYS_SEARCH_USER_PATHS = NO;
				CLANG_ANALYZER_NONNULL = YES;
				CLANG_ANALYZER_NUMBER_OBJECT_CONVERSION = YES_AGGRESSIVE;
				CLANG_CXX_LANGUAGE_STANDARD = "gnu++17";
				CLANG_CXX_LIBRARY = "libc++";
				CLANG_ENABLE_MODULES = YES;
				CLANG_ENABLE_OBJC_ARC = YES;
				CLANG_ENABLE_OBJC_WEAK = YES;
				CLANG_WARN_BLOCK_CAPTURE_AUTORELEASING = YES;
				CLANG_WARN_BOOL_CONVERSION = YES;
				CLANG_WARN_COMMA = YES;
				CLANG_WARN_CONSTANT_CONVERSION = YES;
				CLANG_WARN_DEPRECATED_OBJC_IMPLEMENTATIONS = YES;
				CLANG_WARN_DIRECT_OBJC_ISA_USAGE = YES_ERROR;
				CLANG_WARN_DOCUMENTATION_COMMENTS = YES;
				CLANG_WARN_EMPTY_BODY = YES;
				CLANG_WARN_ENUM_CONVERSION = YES;
				CLANG_WARN_INFINITE_RECURSION = YES;
				CLANG_WARN_INT_CONVERSION = YES;
				CLANG_WARN_NON_LITERAL_NULL_CONVERSION = YES;
				CLANG_WARN_OBJC_IMPLICIT_RETAIN_SELF = YES;
				CLANG_WARN_OBJC_LITERAL_CONVERSION = YES;
				CLANG_WARN_OBJC_ROOT_CLASS = YES_ERROR;
				CLANG_WARN_QUOTED_INCLUDE_IN_FRAMEWORK_HEADER = YES;
				CLANG_WARN_RANGE_LOOP_ANALYSIS = YES;
				CLANG_WARN_STRICT_PROTOTYPES = YES;
				CLANG_WARN_SUSPICIOUS_MOVE = YES;
				CLANG_WARN_UNGUARDED_AVAILABILITY = YES_AGGRESSIVE;
				CLANG_WARN_UNREACHABLE_CODE = YES;
				CLANG_WARN__DUPLICATE_METHOD_MATCH = YES;
				COPY_PHASE_STRIP = NO;
				DEBUG_INFORMATION_FORMAT = "dwarf-with-dsym";
				ENABLE_NS_ASSERTIONS = NO;
				ENABLE_STRICT_OBJC_MSGSEND = YES;
				GCC_C_LANGUAGE_STANDARD = gnu11;
				GCC_NO_COMMON_BLOCKS = YES;
				GCC_WARN_64_TO_32_BIT_CONVERSION = YES;
				GCC_WARN_ABOUT_RETURN_TYPE = YES_ERROR;
				GCC_WARN_UNDECLARED_SELECTOR = YES;
				GCC_WARN_UNINITIALIZED_AUTOS = YES_AGGRESSIVE;
				GCC_WARN_UNUSED_FUNCTION = YES;
				GCC_WARN_UNUSED_VARIABLE = YES;
				IPHONEOS_DEPLOYMENT_TARGET = 15.0;
				MTL_ENABLE_DEBUG_INFO = NO;
				MTL_FAST_MATH = YES;
				SDKROOT = iphoneos;
				SWIFT_COMPILATION_MODE = wholemodule;
				SWIFT_OPTIMIZATION_LEVEL = "-O";
				VALIDATE_PRODUCT = YES;
			};
			name = Release;
		};
		274D5240273E8B78004A7259 /* Debug */ = {
			isa = XCBuildConfiguration;
			buildSettings = {
				ASSETCATALOG_COMPILER_APPICON_NAME = AppIcon;
				ASSETCATALOG_COMPILER_GLOBAL_ACCENT_COLOR_NAME = AccentColor;
				CODE_SIGN_STYLE = Automatic;
				CURRENT_PROJECT_VERSION = 1;
				DEVELOPMENT_TEAM = BTLRG3P6M6;
				GENERATE_INFOPLIST_FILE = YES;
				INFOPLIST_FILE = HW_2.8/Resourses/Info.plist;
				INFOPLIST_KEY_UIApplicationSupportsIndirectInputEvents = YES;
				INFOPLIST_KEY_UILaunchStoryboardName = LaunchScreen;
				INFOPLIST_KEY_UIMainStoryboardFile = Start;
				INFOPLIST_KEY_UISupportedInterfaceOrientations = UIInterfaceOrientationPortrait;
				INFOPLIST_KEY_UISupportedInterfaceOrientations_iPad = "UIInterfaceOrientationPortrait UIInterfaceOrientationPortraitUpsideDown UIInterfaceOrientationLandscapeLeft UIInterfaceOrientationLandscapeRight";
				INFOPLIST_KEY_UISupportedInterfaceOrientations_iPhone = "UIInterfaceOrientationPortrait UIInterfaceOrientationLandscapeLeft UIInterfaceOrientationLandscapeRight";
				LD_RUNPATH_SEARCH_PATHS = (
					"$(inherited)",
					"@executable_path/Frameworks",
				);
				MARKETING_VERSION = 1.0;
				PRODUCT_BUNDLE_IDENTIFIER = "Tony.Studio.HW-2-8";
				PRODUCT_NAME = "$(TARGET_NAME)";
				SWIFT_EMIT_LOC_STRINGS = YES;
				SWIFT_VERSION = 5.0;
				TARGETED_DEVICE_FAMILY = 1;
			};
			name = Debug;
		};
		274D5241273E8B78004A7259 /* Release */ = {
			isa = XCBuildConfiguration;
			buildSettings = {
				ASSETCATALOG_COMPILER_APPICON_NAME = AppIcon;
				ASSETCATALOG_COMPILER_GLOBAL_ACCENT_COLOR_NAME = AccentColor;
				CODE_SIGN_STYLE = Automatic;
				CURRENT_PROJECT_VERSION = 1;
				DEVELOPMENT_TEAM = BTLRG3P6M6;
				GENERATE_INFOPLIST_FILE = YES;
				INFOPLIST_FILE = HW_2.8/Resourses/Info.plist;
				INFOPLIST_KEY_UIApplicationSupportsIndirectInputEvents = YES;
				INFOPLIST_KEY_UILaunchStoryboardName = LaunchScreen;
				INFOPLIST_KEY_UIMainStoryboardFile = Start;
				INFOPLIST_KEY_UISupportedInterfaceOrientations = UIInterfaceOrientationPortrait;
				INFOPLIST_KEY_UISupportedInterfaceOrientations_iPad = "UIInterfaceOrientationPortrait UIInterfaceOrientationPortraitUpsideDown UIInterfaceOrientationLandscapeLeft UIInterfaceOrientationLandscapeRight";
				INFOPLIST_KEY_UISupportedInterfaceOrientations_iPhone = "UIInterfaceOrientationPortrait UIInterfaceOrientationLandscapeLeft UIInterfaceOrientationLandscapeRight";
				LD_RUNPATH_SEARCH_PATHS = (
					"$(inherited)",
					"@executable_path/Frameworks",
				);
				MARKETING_VERSION = 1.0;
				PRODUCT_BUNDLE_IDENTIFIER = "Tony.Studio.HW-2-8";
				PRODUCT_NAME = "$(TARGET_NAME)";
				SWIFT_EMIT_LOC_STRINGS = YES;
				SWIFT_VERSION = 5.0;
				TARGETED_DEVICE_FAMILY = 1;
			};
			name = Release;
		};
/* End XCBuildConfiguration section */

/* Begin XCConfigurationList section */
		274D5226273E8B76004A7259 /* Build configuration list for PBXProject "HW_2.8" */ = {
			isa = XCConfigurationList;
			buildConfigurations = (
				274D523D273E8B78004A7259 /* Debug */,
				274D523E273E8B78004A7259 /* Release */,
			);
			defaultConfigurationIsVisible = 0;
			defaultConfigurationName = Release;
		};
		274D523F273E8B78004A7259 /* Build configuration list for PBXNativeTarget "HW_2.8" */ = {
			isa = XCConfigurationList;
			buildConfigurations = (
				274D5240273E8B78004A7259 /* Debug */,
				274D5241273E8B78004A7259 /* Release */,
			);
			defaultConfigurationIsVisible = 0;
			defaultConfigurationName = Release;
		};
/* End XCConfigurationList section */
	};
	rootObject = 274D5223273E8B76004A7259 /* Project object */;
}
